
Microsoft Visual Studio Solution File, Format Version 12.00
# Visual Studio Version 16
VisualStudioVersion = 16.0.30104.148
MinimumVisualStudioVersion = 10.0.40219.1
Project("{FAE04EC0-301F-11D3-BF4B-00C04F79EFBC}") = "Wisej.Web.Ext.Kendo.Test", "Wisej.Web.Ext.Kendo.Test\Wisej.Web.Ext.Kendo.Test.csproj", "{8C552CA9-4468-491A-AB7E-0B2BF8711536}"
EndProject
Global
	GlobalSection(SolutionConfigurationPlatforms) = preSolution
		Debug|Any CPU = Debug|Any CPU
		Release|Any CPU = Release|Any CPU
	EndGlobalSection
	GlobalSection(ProjectConfigurationPlatforms) = postSolution
		{8C552CA9-4468-491A-AB7E-0B2BF8711536}.Debug|Any CPU.ActiveCfg = Debug|Any CPU
		{8C552CA9-4468-491A-AB7E-0B2BF8711536}.Debug|Any CPU.Build.0 = Debug|Any CPU
		{8C552CA9-4468-491A-AB7E-0B2BF8711536}.Release|Any CPU.ActiveCfg = Release|Any CPU
		{8C552CA9-4468-491A-AB7E-0B2BF8711536}.Release|Any CPU.Build.0 = Release|Any CPU
	EndGlobalSection
	GlobalSection(SolutionProperties) = preSolution
		HideSolutionNode = FALSE
	EndGlobalSection
	GlobalSection(ExtensibilityGlobals) = postSolution
		SolutionGuid = {E39010CD-009E-4D9A-87FE-5021F2864006}
	EndGlobalSection
EndGlobal
